
Microsoft Visual Studio Solution File, Format Version 12.00
# Visual Studio Version 17
VisualStudioVersion = 17.3.32929.385
MinimumVisualStudioVersion = 10.0.40219.1
Project("{8BC9CEB8-8B4A-11D0-8D11-00A0C91BC942}") = "TicTacToe", "TicTacToe\TicTacToe.vcxproj", "{CFC8A683-62BF-4447-A139-9B5D83DB9A5B}"
EndProject
Global
	GlobalSection(SolutionConfigurationPlatforms) = preSolution
		Debug|x64 = Debug|x64
		Debug|x86 = Debug|x86
		Release|x64 = Release|x64
		Release|x86 = Release|x86
	EndGlobalSection
	GlobalSection(ProjectConfigurationPlatforms) = postSolution
		{CFC8A683-62BF-4447-A139-9B5D83DB9A5B}.Debug|x64.ActiveCfg = Debug|x64
		{CFC8A683-62BF-4447-A139-9B5D83DB9A5B}.Debug|x64.Build.0 = Debug|x64
		{CFC8A683-62BF-4447-A139-9B5D83DB9A5B}.Debug|x86.ActiveCfg = Debug|Win32
		{CFC8A683-62BF-4447-A139-9B5D83DB9A5B}.Debug|x86.Build.0 = Debug|Win32
		{CFC8A683-62BF-4447-A139-9B5D83DB9A5B}.Release|x64.ActiveCfg = Release|x64
		{CFC8A683-62BF-4447-A139-9B5D83DB9A5B}.Release|x64.Build.0 = Release|x64
		{CFC8A683-62BF-4447-A139-9B5D83DB9A5B}.Release|x86.ActiveCfg = Release|Win32
		{CFC8A683-62BF-4447-A139-9B5D83DB9A5B}.Release|x86.Build.0 = Release|Win32
	EndGlobalSection
	GlobalSection(SolutionProperties) = preSolution
		HideSolutionNode = FALSE
	EndGlobalSection
	GlobalSection(ExtensibilityGlobals) = postSolution
		SolutionGuid = {5F2FA1FC-3796-4616-BCD9-3D0010ECCCF2}
	EndGlobalSection
EndGlobal
